
Microsoft Visual Studio Solution File, Format Version 12.00
# Visual Studio Version 17
VisualStudioVersion = 17.4.33213.308
MinimumVisualStudioVersion = 10.0.40219.1
Project("{FAE04EC0-301F-11D3-BF4B-00C04F79EFBC}") = "homework2", "homework2\homework2.csproj", "{4CE4966B-4F72-40C6-8162-2528F2C364F3}"
EndProject
Global
	GlobalSection(SolutionConfigurationPlatforms) = preSolution
		Debug|Any CPU = Debug|Any CPU
		Release|Any CPU = Release|Any CPU
	EndGlobalSection
	GlobalSection(ProjectConfigurationPlatforms) = postSolution
		{4CE4966B-4F72-40C6-8162-2528F2C364F3}.Debug|Any CPU.ActiveCfg = Debug|Any CPU
		{4CE4966B-4F72-40C6-8162-2528F2C364F3}.Debug|Any CPU.Build.0 = Debug|Any CPU
		{4CE4966B-4F72-40C6-8162-2528F2C364F3}.Release|Any CPU.ActiveCfg = Release|Any CPU
		{4CE4966B-4F72-40C6-8162-2528F2C364F3}.Release|Any CPU.Build.0 = Release|Any CPU
	EndGlobalSection
	GlobalSection(SolutionProperties) = preSolution
		HideSolutionNode = FALSE
	EndGlobalSection
	GlobalSection(ExtensibilityGlobals) = postSolution
		SolutionGuid = {7EC9C05E-2CEA-47F8-A0EF-5455F537047D}
	EndGlobalSection
EndGlobal
